{
  "pins" : [
    {
      "identity" : "swift-lmdb",
      "kind" : "remoteSourceControl",
      "location" : "https://github.com/JadenGeller/swift-lmdb",
      "state" : {
        "revision" : "8c3360f811e67903445f12e19f1ea64cbec0ffef",
        "version" : "0.1.2"
      }
    }
  ],
  "version" : 2
}
